
Microsoft Visual Studio Solution File, Format Version 12.00
# Visual Studio Version 17
VisualStudioVersion = 17.12.35209.166
MinimumVisualStudioVersion = 10.0.40219.1
Project("{FAE04EC0-301F-11D3-BF4B-00C04F79EFBC}") = "JK-Backend", "JK-Backend.csproj", "{68452D8F-7E4D-467E-A312-EF5F45A9A001}"
EndProject
Global
	GlobalSection(SolutionConfigurationPlatforms) = preSolution
		Debug|Any CPU = Debug|Any CPU
		Release|Any CPU = Release|Any CPU
	EndGlobalSection
	GlobalSection(ProjectConfigurationPlatforms) = postSolution
		{68452D8F-7E4D-467E-A312-EF5F45A9A001}.Debug|Any CPU.ActiveCfg = Debug|Any CPU
		{68452D8F-7E4D-467E-A312-EF5F45A9A001}.Debug|Any CPU.Build.0 = Debug|Any CPU
		{68452D8F-7E4D-467E-A312-EF5F45A9A001}.Release|Any CPU.ActiveCfg = Release|Any CPU
		{68452D8F-7E4D-467E-A312-EF5F45A9A001}.Release|Any CPU.Build.0 = Release|Any CPU
	EndGlobalSection
	GlobalSection(SolutionProperties) = preSolution
		HideSolutionNode = FALSE
	EndGlobalSection
	GlobalSection(ExtensibilityGlobals) = postSolution
		SolutionGuid = {4D230887-6E86-48EE-B665-617F0C26D38E}
	EndGlobalSection
EndGlobal
